
Microsoft Visual Studio Solution File, Format Version 12.00
# Visual Studio Version 17
VisualStudioVersion = 17.3.32825.248
MinimumVisualStudioVersion = 10.0.40219.1
Project("{FAE04EC0-301F-11D3-BF4B-00C04F79EFBC}") = "WpfApp2", "WpfApp2\WpfApp2.csproj", "{E55F61E0-013B-4194-8CB8-D9844C44BADC}"
EndProject
Global
	GlobalSection(SolutionConfigurationPlatforms) = preSolution
		Debug|Any CPU = Debug|Any CPU
		Release|Any CPU = Release|Any CPU
	EndGlobalSection
	GlobalSection(ProjectConfigurationPlatforms) = postSolution
		{E55F61E0-013B-4194-8CB8-D9844C44BADC}.Debug|Any CPU.ActiveCfg = Debug|Any CPU
		{E55F61E0-013B-4194-8CB8-D9844C44BADC}.Debug|Any CPU.Build.0 = Debug|Any CPU
		{E55F61E0-013B-4194-8CB8-D9844C44BADC}.Release|Any CPU.ActiveCfg = Release|Any CPU
		{E55F61E0-013B-4194-8CB8-D9844C44BADC}.Release|Any CPU.Build.0 = Release|Any CPU
	EndGlobalSection
	GlobalSection(SolutionProperties) = preSolution
		HideSolutionNode = FALSE
	EndGlobalSection
	GlobalSection(ExtensibilityGlobals) = postSolution
		SolutionGuid = {F078CE1C-37BD-44A6-AFD2-2578F63A056E}
	EndGlobalSection
EndGlobal
